// !$*UTF8*$!
{
	archiveVersion = 1;
	classes = {
	};
	objectVersion = 48;
	objects = {

/* Begin PBXBuildFile section */
		D785D7682091824A0004176C /* AppDelegate.swift in Sources */ = {isa = PBXBuildFile; fileRef = D785D7672091824A0004176C /* AppDelegate.swift */; };
		D785D76A2091824A0004176C /* ViewController.swift in Sources */ = {isa = PBXBuildFile; fileRef = D785D7692091824A0004176C /* ViewController.swift */; };
		D785D76D2091824A0004176C /* Main.storyboard in Resources */ = {isa = PBXBuildFile; fileRef = D785D76B2091824A0004176C /* Main.storyboard */; };
		D785D76F2091824A0004176C /* Assets.xcassets in Resources */ = {isa = PBXBuildFile; fileRef = D785D76E2091824A0004176C /* Assets.xcassets */; };
		D785D7722091824A0004176C /* LaunchScreen.storyboard in Resources */ = {isa = PBXBuildFile; fileRef = D785D7702091824A0004176C /* LaunchScreen.storyboard */; };
		D785D77B2091872F0004176C /* imageA.jpg in Resources */ = {isa = PBXBuildFile; fileRef = D785D7792091872E0004176C /* imageA.jpg */; };
		D785D77C2091872F0004176C /* imageB.jpg in Resources */ = {isa = PBXBuildFile; fileRef = D785D77A2091872E0004176C /* imageB.jpg */; };
/* End PBXBuildFile section */

/* Begin PBXFileReference section */
		D785D7642091824A0004176C /* CATransitionDemo.app */ = {isa = PBXFileReference; explicitFileType = wrapper.application; includeInIndex = 0; path = CATransitionDemo.app; sourceTree = BUILT_PRODUCTS_DIR; };
		D785D7672091824A0004176C /* AppDelegate.swift */ = {isa = PBXFileReference; lastKnownFileType = sourcecode.swift; path = AppDelegate.swift; sourceTree = "<group>"; };
		D785D7692091824A0004176C /* ViewController.swift */ = {isa = PBXFileReference; lastKnownFileType = sourcecode.swift; path = ViewController.swift; sourceTree = "<group>"; };
		D785D76C2091824A0004176C /* Base */ = {isa = PBXFileReference; lastKnownFileType = file.storyboard; name = Base; path = Base.lproj/Main.storyboard; sourceTree = "<group>"; };
		D785D76E2091824A0004176C /* Assets.xcassets */ = {isa = PBXFileReference; lastKnownFileType = folder.assetcatalog; path = Assets.xcassets; sourceTree = "<group>"; };
		D785D7712091824A0004176C /* Base */ = {isa = PBXFileReference; lastKnownFileType = file.storyboard; name = Base; path = Base.lproj/LaunchScreen.storyboard; sourceTree = "<group>"; };
		D785D7732091824A0004176C /* Info.plist */ = {isa = PBXFileReference; lastKnownFileType = text.plist.xml; path = Info.plist; sourceTree = "<group>"; };
		D785D7792091872E0004176C /* imageA.jpg */ = {isa = PBXFileReference; lastKnownFileType = image.jpeg; path = imageA.jpg; sourceTree = "<group>"; };
		D785D77A2091872E0004176C /* imageB.jpg */ = {isa = PBXFileReference; lastKnownFileType = image.jpeg; path = imageB.jpg; sourceTree = "<group>"; };
/* End PBXFileReference section */

/* Begin PBXFrameworksBuildPhase section */
		D785D7612091824A0004176C /* Frameworks */ = {
			isa = PBXFrameworksBuildPhase;
			buildActionMask = 2147483647;
			files = (
			);
			runOnlyForDeploymentPostprocessing = 0;
		};
/* End PBXFrameworksBuildPhase section */

/* Begin PBXGroup section */
		D785D75B2091824A0004176C = {
			isa = PBXGroup;
			children = (
				D785D7662091824A0004176C /* CATransitionDemo */,
				D785D7652091824A0004176C /* Products */,
			);
			sourceTree = "<group>";
		};
		D785D7652091824A0004176C /* Products */ = {
			isa = PBXGroup;
			children = (
				D785D7642091824A0004176C /* CATransitionDemo.app */,
			);
			name = Products;
			sourceTree = "<group>";
		};
		D785D7662091824A0004176C /* CATransitionDemo */ = {
			isa = PBXGroup;
			children = (
				D785D7792091872E0004176C /* imageA.jpg */,
				D785D77A2091872E0004176C /* imageB.jpg */,
				D785D7672091824A0004176C /* AppDelegate.swift */,
				D785D7692091824A0004176C /* ViewController.swift */,
				D785D76B2091824A0004176C /* Main.storyboard */,
				D785D76E2091824A0004176C /* Assets.xcassets */,
				D785D7702091824A0004176C /* LaunchScreen.storyboard */,
				D785D7732091824A0004176C /* Info.plist */,
			);
			path = CATransitionDemo;
			sourceTree = "<group>";
		};
/* End PBXGroup section */

/* Begin PBXNativeTarget section */
		D785D7632091824A0004176C /* CATransitionDemo */ = {
			isa = PBXNativeTarget;
			buildConfigurationList = D785D7762091824A0004176C /* Build configuration list for PBXNativeTarget "CATransitionDemo" */;
			buildPhases = (
				D785D7602091824A0004176C /* Sources */,
				D785D7612091824A0004176C /* Frameworks */,
				D785D7622091824A0004176C /* Resources */,
			);
			buildRules = (
			);
			dependencies = (
			);
			name = CATransitionDemo;
			productName = CATransitionDemo;
			productReference = D785D7642091824A0004176C /* CATransitionDemo.app */;
			productType = "com.apple.product-type.application";
		};
/* End PBXNativeTarget section */

/* Begin PBXProject section */
		D785D75C2091824A0004176C /* Project object */ = {
			isa = PBXProject;
			attributes = {
				LastSwiftUpdateCheck = 0920;
				LastUpgradeCheck = 0920;
				ORGANIZATIONNAME = wz;
				TargetAttributes = {
					D785D7632091824A0004176C = {
						CreatedOnToolsVersion = 9.2;
						ProvisioningStyle = Automatic;
					};
				};
			};
			buildConfigurationList = D785D75F2091824A0004176C /* Build configuration list for PBXProject "CATransitionDemo" */;
			compatibilityVersion = "Xcode 8.0";
			developmentRegion = en;
			hasScannedForEncodings = 0;
			knownRegions = (
				en,
				Base,
			);
			mainGroup = D785D75B2091824A0004176C;
			productRefGroup = D785D7652091824A0004176C /* Products */;
			projectDirPath = "";
			projectRoot = "";
			targets = (
				D785D7632091824A0004176C /* CATransitionDemo */,
			);
		};
/* End PBXProject section */

/* Begin PBXResourcesBuildPhase section */
		D785D7622091824A0004176C /* Resources */ = {
			isa = PBXResourcesBuildPhase;
			buildActionMask = 2147483647;
			files = (
				D785D7722091824A0004176C /* LaunchScreen.storyboard in Resources */,
				D785D77C2091872F0004176C /* imageB.jpg in Resources */,
				D785D77B2091872F0004176C /* imageA.jpg in Resources */,
				D785D76F2091824A0004176C /* Assets.xcassets in Resources */,
				D785D76D2091824A0004176C /* Main.storyboard in Resources */,
			);
			runOnlyForDeploymentPostprocessing = 0;
		};
/* End PBXResourcesBuildPhase section */

/* Begin PBXSourcesBuildPhase section */
		D785D7602091824A0004176C /* Sources */ = {
			isa = PBXSourcesBuildPhase;
			buildActionMask = 2147483647;
			files = (
				D785D76A2091824A0004176C /* ViewController.swift in Sources */,
				D785D7682091824A0004176C /* AppDelegate.swift in Sources */,
			);
			runOnlyForDeploymentPostprocessing = 0;
		};
/* End PBXSourcesBuildPhase section */

/* Begin PBXVariantGroup section */
		D785D76B2091824A0004176C /* Main.storyboard */ = {
			isa = PBXVariantGroup;
			children = (
				D785D76C2091824A0004176C /* Base */,
			);
			name = Main.storyboard;
			sourceTree = "<group>";
		};
		D785D7702091824A0004176C /* LaunchScreen.storyboard */ = {
			isa = PBXVariantGroup;
			children = (
				D785D7712091824A0004176C /* Base */,
			);
			name = LaunchScreen.storyboard;
			sourceTree = "<group>";
		};
/* End PBXVariantGroup section */

/* Begin XCBuildConfiguration section */
		D785D7742091824A0004176C /* Debug */ = {
			isa = XCBuildConfiguration;
			buildSettings = {
				ALWAYS_SEARCH_USER_PATHS = NO;
				CLANG_ANALYZER_NONNULL = YES;
				CLANG_ANALYZER_NUMBER_OBJECT_CONVERSION = YES_AGGRESSIVE;
				CLANG_CXX_LANGUAGE_STANDARD = "gnu++14";
				CLANG_CXX_LIBRARY = "libc++";
				CLANG_ENABLE_MODULES = YES;
				CLANG_ENABLE_OBJC_ARC = YES;
				CLANG_WARN_BLOCK_CAPTURE_AUTORELEASING = YES;
				CLANG_WARN_BOOL_CONVERSION = YES;
				CLANG_WARN_COMMA = YES;
				CLANG_WARN_CONSTANT_CONVERSION = YES;
				CLANG_WARN_DIRECT_OBJC_ISA_USAGE = YES_ERROR;
				CLANG_WARN_DOCUMENTATION_COMMENTS = YES;
				CLANG_WARN_EMPTY_BODY = YES;
				CLANG_WARN_ENUM_CONVERSION = YES;
				CLANG_WARN_INFINITE_RECURSION = YES;
				CLANG_WARN_INT_CONVERSION = YES;
				CLANG_WARN_NON_LITERAL_NULL_CONVERSION = YES;
				CLANG_WARN_OBJC_LITERAL_CONVERSION = YES;
				CLANG_WARN_OBJC_ROOT_CLASS = YES_ERROR;
				CLANG_WARN_RANGE_LOOP_ANALYSIS = YES;
				CLANG_WARN_STRICT_PROTOTYPES = YES;
				CLANG_WARN_SUSPICIOUS_MOVE = YES;
				CLANG_WARN_UNGUARDED_AVAILABILITY = YES_AGGRESSIVE;
				CLANG_WARN_UNREACHABLE_CODE = YES;
				CLANG_WARN__DUPLICATE_METHOD_MATCH = YES;
				CODE_SIGN_IDENTITY = "iPhone Developer";
				COPY_PHASE_STRIP = NO;
				DEBUG_INFORMATION_FORMAT = dwarf;
				ENABLE_STRICT_OBJC_MSGSEND = YES;
				ENABLE_TESTABILITY = YES;
				GCC_C_LANGUAGE_STANDARD = gnu11;
				GCC_DYNAMIC_NO_PIC = NO;
				GCC_NO_COMMON_BLOCKS = YES;
				GCC_OPTIMIZATION_LEVEL = 0;
				GCC_PREPROCESSOR_DEFINITIONS = (
					"DEBUG=1",
					"$(inherited)",
				);
				GCC_WARN_64_TO_32_BIT_CONVERSION = YES;
				GCC_WARN_ABOUT_RETURN_TYPE = YES_ERROR;
				GCC_WARN_UNDECLARED_SELECTOR = YES;
				GCC_WARN_UNINITIALIZED_AUTOS = YES_AGGRESSIVE;
				GCC_WARN_UNUSED_FUNCTION = YES;
				GCC_WARN_UNUSED_VARIABLE = YES;
				IPHONEOS_DEPLOYMENT_TARGET = 11.2;
				MTL_ENABLE_DEBUG_INFO = YES;
				ONLY_ACTIVE_ARCH = YES;
				SDKROOT = iphoneos;
				SWIFT_ACTIVE_COMPILATION_CONDITIONS = DEBUG;
				SWIFT_OPTIMIZATION_LEVEL = "-Onone";
			};
			name = Debug;
		};
		D785D7752091824A0004176C /* Release */ = {
			isa = XCBuildConfiguration;
			buildSettings = {
				ALWAYS_SEARCH_USER_PATHS = NO;
				CLANG_ANALYZER_NONNULL = YES;
				CLANG_ANALYZER_NUMBER_OBJECT_CONVERSION = YES_AGGRESSIVE;
				CLANG_CXX_LANGUAGE_STANDARD = "gnu++14";
				CLANG_CXX_LIBRARY = "libc++";
				CLANG_ENABLE_MODULES = YES;
				CLANG_ENABLE_OBJC_ARC = YES;
				CLANG_WARN_BLOCK_CAPTURE_AUTORELEASING = YES;
				CLANG_WARN_BOOL_CONVERSION = YES;
				CLANG_WARN_COMMA = YES;
				CLANG_WARN_CONSTANT_CONVERSION = YES;
				CLANG_WARN_DIRECT_OBJC_ISA_USAGE = YES_ERROR;
				CLANG_WARN_DOCUMENTATION_COMMENTS = YES;
				CLANG_WARN_EMPTY_BODY = YES;
				CLANG_WARN_ENUM_CONVERSION = YES;
				CLANG_WARN_INFINITE_RECURSION = YES;
				CLANG_WARN_INT_CONVERSION = YES;
				CLANG_WARN_NON_LITERAL_NULL_CONVERSION = YES;
				CLANG_WARN_OBJC_LITERAL_CONVERSION = YES;
				CLANG_WARN_OBJC_ROOT_CLASS = YES_ERROR;
				CLANG_WARN_RANGE_LOOP_ANALYSIS = YES;
				CLANG_WARN_STRICT_PROTOTYPES = YES;
				CLANG_WARN_SUSPICIOUS_MOVE = YES;
				CLANG_WARN_UNGUARDED_AVAILABILITY = YES_AGGRESSIVE;
				CLANG_WARN_UNREACHABLE_CODE = YES;
				CLANG_WARN__DUPLICATE_METHOD_MATCH = YES;
				CODE_SIGN_IDENTITY = "iPhone Developer";
				COPY_PHASE_STRIP = NO;
				DEBUG_INFORMATION_FORMAT = "dwarf-with-dsym";
				ENABLE_NS_ASSERTIONS = NO;
				ENABLE_STRICT_OBJC_MSGSEND = YES;
				GCC_C_LANGUAGE_STANDARD = gnu11;
				GCC_NO_COMMON_BLOCKS = YES;
				GCC_WARN_64_TO_32_BIT_CONVERSION = YES;
				GCC_WARN_ABOUT_RETURN_TYPE = YES_ERROR;
				GCC_WARN_UNDECLARED_SELECTOR = YES;
				GCC_WARN_UNINITIALIZED_AUTOS = YES_AGGRESSIVE;
				GCC_WARN_UNUSED_FUNCTION = YES;
				GCC_WARN_UNUSED_VARIABLE = YES;
				IPHONEOS_DEPLOYMENT_TARGET = 11.2;
				MTL_ENABLE_DEBUG_INFO = NO;
				SDKROOT = iphoneos;
				SWIFT_OPTIMIZATION_LEVEL = "-Owholemodule";
				VALIDATE_PRODUCT = YES;
			};
			name = Release;
		};
		D785D7772091824A0004176C /* Debug */ = {
			isa = XCBuildConfiguration;
			buildSettings = {
				ASSETCATALOG_COMPILER_APPICON_NAME = AppIcon;
				CODE_SIGN_STYLE = Automatic;
				INFOPLIST_FILE = CATransitionDemo/Info.plist;
				LD_RUNPATH_SEARCH_PATHS = "$(inherited) @executable_path/Frameworks";
				PRODUCT_BUNDLE_IDENTIFIER = com.wz.CATransitionDemo;
				PRODUCT_NAME = "$(TARGET_NAME)";
				SWIFT_VERSION = 4.0;
				TARGETED_DEVICE_FAMILY = "1,2";
			};
			name = Debug;
		};
		D785D7782091824A0004176C /* Release */ = {
			isa = XCBuildConfiguration;
			buildSettings = {
				ASSETCATALOG_COMPILER_APPICON_NAME = AppIcon;
				CODE_SIGN_STYLE = Automatic;
				INFOPLIST_FILE = CATransitionDemo/Info.plist;
				LD_RUNPATH_SEARCH_PATHS = "$(inherited) @executable_path/Frameworks";
				PRODUCT_BUNDLE_IDENTIFIER = com.wz.CATransitionDemo;
				PRODUCT_NAME = "$(TARGET_NAME)";
				SWIFT_VERSION = 4.0;
				TARGETED_DEVICE_FAMILY = "1,2";
			};
			name = Release;
		};
/* End XCBuildConfiguration section */

/* Begin XCConfigurationList section */
		D785D75F2091824A0004176C /* Build configuration list for PBXProject "CATransitionDemo" */ = {
			isa = XCConfigurationList;
			buildConfigurations = (
				D785D7742091824A0004176C /* Debug */,
				D785D7752091824A0004176C /* Release */,
			);
			defaultConfigurationIsVisible = 0;
			defaultConfigurationName = Release;
		};
		D785D7762091824A0004176C /* Build configuration list for PBXNativeTarget "CATransitionDemo" */ = {
			isa = XCConfigurationList;
			buildConfigurations = (
				D785D7772091824A0004176C /* Debug */,
				D785D7782091824A0004176C /* Release */,
			);
			defaultConfigurationIsVisible = 0;
			defaultConfigurationName = Release;
		};
/* End XCConfigurationList section */
	};
	rootObject = D785D75C2091824A0004176C /* Project object */;
}
