// !$*UTF8*$!
{
	archiveVersion = 1;
	classes = {
	};
	objectVersion = 50;
	objects = {

/* Begin PBXBuildFile section */
		D786389E2092F96E0050037B /* AppDelegate.swift in Sources */ = {isa = PBXBuildFile; fileRef = D786389D2092F96E0050037B /* AppDelegate.swift */; };
		D78638A02092F96E0050037B /* ViewController.swift in Sources */ = {isa = PBXBuildFile; fileRef = D786389F2092F96E0050037B /* ViewController.swift */; };
		D78638A32092F96E0050037B /* Main.storyboard in Resources */ = {isa = PBXBuildFile; fileRef = D78638A12092F96E0050037B /* Main.storyboard */; };
		D78638A52092F9700050037B /* Assets.xcassets in Resources */ = {isa = PBXBuildFile; fileRef = D78638A42092F9700050037B /* Assets.xcassets */; };
		D78638A82092F9700050037B /* LaunchScreen.storyboard in Resources */ = {isa = PBXBuildFile; fileRef = D78638A62092F9700050037B /* LaunchScreen.storyboard */; };
		D78638B02092FB920050037B /* TAddNewViewVC.swift in Sources */ = {isa = PBXBuildFile; fileRef = D78638AF2092FB920050037B /* TAddNewViewVC.swift */; };
		D78638B220930E500050037B /* TFromToVC.swift in Sources */ = {isa = PBXBuildFile; fileRef = D78638B120930E500050037B /* TFromToVC.swift */; };
/* End PBXBuildFile section */

/* Begin PBXFileReference section */
		D786389A2092F96E0050037B /* Transition.app */ = {isa = PBXFileReference; explicitFileType = wrapper.application; includeInIndex = 0; path = Transition.app; sourceTree = BUILT_PRODUCTS_DIR; };
		D786389D2092F96E0050037B /* AppDelegate.swift */ = {isa = PBXFileReference; lastKnownFileType = sourcecode.swift; path = AppDelegate.swift; sourceTree = "<group>"; };
		D786389F2092F96E0050037B /* ViewController.swift */ = {isa = PBXFileReference; lastKnownFileType = sourcecode.swift; path = ViewController.swift; sourceTree = "<group>"; };
		D78638A22092F96E0050037B /* Base */ = {isa = PBXFileReference; lastKnownFileType = file.storyboard; name = Base; path = Base.lproj/Main.storyboard; sourceTree = "<group>"; };
		D78638A42092F9700050037B /* Assets.xcassets */ = {isa = PBXFileReference; lastKnownFileType = folder.assetcatalog; path = Assets.xcassets; sourceTree = "<group>"; };
		D78638A72092F9700050037B /* Base */ = {isa = PBXFileReference; lastKnownFileType = file.storyboard; name = Base; path = Base.lproj/LaunchScreen.storyboard; sourceTree = "<group>"; };
		D78638A92092F9700050037B /* Info.plist */ = {isa = PBXFileReference; lastKnownFileType = text.plist.xml; path = Info.plist; sourceTree = "<group>"; };
		D78638AF2092FB920050037B /* TAddNewViewVC.swift */ = {isa = PBXFileReference; lastKnownFileType = sourcecode.swift; path = TAddNewViewVC.swift; sourceTree = "<group>"; };
		D78638B120930E500050037B /* TFromToVC.swift */ = {isa = PBXFileReference; lastKnownFileType = sourcecode.swift; path = TFromToVC.swift; sourceTree = "<group>"; };
/* End PBXFileReference section */

/* Begin PBXFrameworksBuildPhase section */
		D78638972092F96E0050037B /* Frameworks */ = {
			isa = PBXFrameworksBuildPhase;
			buildActionMask = 2147483647;
			files = (
			);
			runOnlyForDeploymentPostprocessing = 0;
		};
/* End PBXFrameworksBuildPhase section */

/* Begin PBXGroup section */
		D78638912092F96E0050037B = {
			isa = PBXGroup;
			children = (
				D786389C2092F96E0050037B /* Transition */,
				D786389B2092F96E0050037B /* Products */,
			);
			sourceTree = "<group>";
		};
		D786389B2092F96E0050037B /* Products */ = {
			isa = PBXGroup;
			children = (
				D786389A2092F96E0050037B /* Transition.app */,
			);
			name = Products;
			sourceTree = "<group>";
		};
		D786389C2092F96E0050037B /* Transition */ = {
			isa = PBXGroup;
			children = (
				D786389D2092F96E0050037B /* AppDelegate.swift */,
				D786389F2092F96E0050037B /* ViewController.swift */,
				D78638A12092F96E0050037B /* Main.storyboard */,
				D78638A42092F9700050037B /* Assets.xcassets */,
				D78638A62092F9700050037B /* LaunchScreen.storyboard */,
				D78638A92092F9700050037B /* Info.plist */,
				D78638AF2092FB920050037B /* TAddNewViewVC.swift */,
				D78638B120930E500050037B /* TFromToVC.swift */,
			);
			path = Transition;
			sourceTree = "<group>";
		};
/* End PBXGroup section */

/* Begin PBXNativeTarget section */
		D78638992092F96E0050037B /* Transition */ = {
			isa = PBXNativeTarget;
			buildConfigurationList = D78638AC2092F9700050037B /* Build configuration list for PBXNativeTarget "Transition" */;
			buildPhases = (
				D78638962092F96E0050037B /* Sources */,
				D78638972092F96E0050037B /* Frameworks */,
				D78638982092F96E0050037B /* Resources */,
			);
			buildRules = (
			);
			dependencies = (
			);
			name = Transition;
			productName = Transition;
			productReference = D786389A2092F96E0050037B /* Transition.app */;
			productType = "com.apple.product-type.application";
		};
/* End PBXNativeTarget section */

/* Begin PBXProject section */
		D78638922092F96E0050037B /* Project object */ = {
			isa = PBXProject;
			attributes = {
				LastSwiftUpdateCheck = 0930;
				LastUpgradeCheck = 0930;
				ORGANIZATIONNAME = wz;
				TargetAttributes = {
					D78638992092F96E0050037B = {
						CreatedOnToolsVersion = 9.3;
					};
				};
			};
			buildConfigurationList = D78638952092F96E0050037B /* Build configuration list for PBXProject "Transition" */;
			compatibilityVersion = "Xcode 9.3";
			developmentRegion = en;
			hasScannedForEncodings = 0;
			knownRegions = (
				en,
				Base,
			);
			mainGroup = D78638912092F96E0050037B;
			productRefGroup = D786389B2092F96E0050037B /* Products */;
			projectDirPath = "";
			projectRoot = "";
			targets = (
				D78638992092F96E0050037B /* Transition */,
			);
		};
/* End PBXProject section */

/* Begin PBXResourcesBuildPhase section */
		D78638982092F96E0050037B /* Resources */ = {
			isa = PBXResourcesBuildPhase;
			buildActionMask = 2147483647;
			files = (
				D78638A82092F9700050037B /* LaunchScreen.storyboard in Resources */,
				D78638A52092F9700050037B /* Assets.xcassets in Resources */,
				D78638A32092F96E0050037B /* Main.storyboard in Resources */,
			);
			runOnlyForDeploymentPostprocessing = 0;
		};
/* End PBXResourcesBuildPhase section */

/* Begin PBXSourcesBuildPhase section */
		D78638962092F96E0050037B /* Sources */ = {
			isa = PBXSourcesBuildPhase;
			buildActionMask = 2147483647;
			files = (
				D78638A02092F96E0050037B /* ViewController.swift in Sources */,
				D786389E2092F96E0050037B /* AppDelegate.swift in Sources */,
				D78638B220930E500050037B /* TFromToVC.swift in Sources */,
				D78638B02092FB920050037B /* TAddNewViewVC.swift in Sources */,
			);
			runOnlyForDeploymentPostprocessing = 0;
		};
/* End PBXSourcesBuildPhase section */

/* Begin PBXVariantGroup section */
		D78638A12092F96E0050037B /* Main.storyboard */ = {
			isa = PBXVariantGroup;
			children = (
				D78638A22092F96E0050037B /* Base */,
			);
			name = Main.storyboard;
			sourceTree = "<group>";
		};
		D78638A62092F9700050037B /* LaunchScreen.storyboard */ = {
			isa = PBXVariantGroup;
			children = (
				D78638A72092F9700050037B /* Base */,
			);
			name = LaunchScreen.storyboard;
			sourceTree = "<group>";
		};
/* End PBXVariantGroup section */

/* Begin XCBuildConfiguration section */
		D78638AA2092F9700050037B /* Debug */ = {
			isa = XCBuildConfiguration;
			buildSettings = {
				ALWAYS_SEARCH_USER_PATHS = NO;
				CLANG_ANALYZER_NONNULL = YES;
				CLANG_ANALYZER_NUMBER_OBJECT_CONVERSION = YES_AGGRESSIVE;
				CLANG_CXX_LANGUAGE_STANDARD = "gnu++14";
				CLANG_CXX_LIBRARY = "libc++";
				CLANG_ENABLE_MODULES = YES;
				CLANG_ENABLE_OBJC_ARC = YES;
				CLANG_ENABLE_OBJC_WEAK = YES;
				CLANG_WARN_BLOCK_CAPTURE_AUTORELEASING = YES;
				CLANG_WARN_BOOL_CONVERSION = YES;
				CLANG_WARN_COMMA = YES;
				CLANG_WARN_CONSTANT_CONVERSION = YES;
				CLANG_WARN_DEPRECATED_OBJC_IMPLEMENTATIONS = YES;
				CLANG_WARN_DIRECT_OBJC_ISA_USAGE = YES_ERROR;
				CLANG_WARN_DOCUMENTATION_COMMENTS = YES;
				CLANG_WARN_EMPTY_BODY = YES;
				CLANG_WARN_ENUM_CONVERSION = YES;
				CLANG_WARN_INFINITE_RECURSION = YES;
				CLANG_WARN_INT_CONVERSION = YES;
				CLANG_WARN_NON_LITERAL_NULL_CONVERSION = YES;
				CLANG_WARN_OBJC_IMPLICIT_RETAIN_SELF = YES;
				CLANG_WARN_OBJC_LITERAL_CONVERSION = YES;
				CLANG_WARN_OBJC_ROOT_CLASS = YES_ERROR;
				CLANG_WARN_RANGE_LOOP_ANALYSIS = YES;
				CLANG_WARN_STRICT_PROTOTYPES = YES;
				CLANG_WARN_SUSPICIOUS_MOVE = YES;
				CLANG_WARN_UNGUARDED_AVAILABILITY = YES_AGGRESSIVE;
				CLANG_WARN_UNREACHABLE_CODE = YES;
				CLANG_WARN__DUPLICATE_METHOD_MATCH = YES;
				CODE_SIGN_IDENTITY = "iPhone Developer";
				COPY_PHASE_STRIP = NO;
				DEBUG_INFORMATION_FORMAT = dwarf;
				ENABLE_STRICT_OBJC_MSGSEND = YES;
				ENABLE_TESTABILITY = YES;
				GCC_C_LANGUAGE_STANDARD = gnu11;
				GCC_DYNAMIC_NO_PIC = NO;
				GCC_NO_COMMON_BLOCKS = YES;
				GCC_OPTIMIZATION_LEVEL = 0;
				GCC_PREPROCESSOR_DEFINITIONS = (
					"DEBUG=1",
					"$(inherited)",
				);
				GCC_WARN_64_TO_32_BIT_CONVERSION = YES;
				GCC_WARN_ABOUT_RETURN_TYPE = YES_ERROR;
				GCC_WARN_UNDECLARED_SELECTOR = YES;
				GCC_WARN_UNINITIALIZED_AUTOS = YES_AGGRESSIVE;
				GCC_WARN_UNUSED_FUNCTION = YES;
				GCC_WARN_UNUSED_VARIABLE = YES;
				IPHONEOS_DEPLOYMENT_TARGET = 11.3;
				MTL_ENABLE_DEBUG_INFO = YES;
				ONLY_ACTIVE_ARCH = YES;
				SDKROOT = iphoneos;
				SWIFT_ACTIVE_COMPILATION_CONDITIONS = DEBUG;
				SWIFT_OPTIMIZATION_LEVEL = "-Onone";
			};
			name = Debug;
		};
		D78638AB2092F9700050037B /* Release */ = {
			isa = XCBuildConfiguration;
			buildSettings = {
				ALWAYS_SEARCH_USER_PATHS = NO;
				CLANG_ANALYZER_NONNULL = YES;
				CLANG_ANALYZER_NUMBER_OBJECT_CONVERSION = YES_AGGRESSIVE;
				CLANG_CXX_LANGUAGE_STANDARD = "gnu++14";
				CLANG_CXX_LIBRARY = "libc++";
				CLANG_ENABLE_MODULES = YES;
				CLANG_ENABLE_OBJC_ARC = YES;
				CLANG_ENABLE_OBJC_WEAK = YES;
				CLANG_WARN_BLOCK_CAPTURE_AUTORELEASING = YES;
				CLANG_WARN_BOOL_CONVERSION = YES;
				CLANG_WARN_COMMA = YES;
				CLANG_WARN_CONSTANT_CONVERSION = YES;
				CLANG_WARN_DEPRECATED_OBJC_IMPLEMENTATIONS = YES;
				CLANG_WARN_DIRECT_OBJC_ISA_USAGE = YES_ERROR;
				CLANG_WARN_DOCUMENTATION_COMMENTS = YES;
				CLANG_WARN_EMPTY_BODY = YES;
				CLANG_WARN_ENUM_CONVERSION = YES;
				CLANG_WARN_INFINITE_RECURSION = YES;
				CLANG_WARN_INT_CONVERSION = YES;
				CLANG_WARN_NON_LITERAL_NULL_CONVERSION = YES;
				CLANG_WARN_OBJC_IMPLICIT_RETAIN_SELF = YES;
				CLANG_WARN_OBJC_LITERAL_CONVERSION = YES;
				CLANG_WARN_OBJC_ROOT_CLASS = YES_ERROR;
				CLANG_WARN_RANGE_LOOP_ANALYSIS = YES;
				CLANG_WARN_STRICT_PROTOTYPES = YES;
				CLANG_WARN_SUSPICIOUS_MOVE = YES;
				CLANG_WARN_UNGUARDED_AVAILABILITY = YES_AGGRESSIVE;
				CLANG_WARN_UNREACHABLE_CODE = YES;
				CLANG_WARN__DUPLICATE_METHOD_MATCH = YES;
				CODE_SIGN_IDENTITY = "iPhone Developer";
				COPY_PHASE_STRIP = NO;
				DEBUG_INFORMATION_FORMAT = "dwarf-with-dsym";
				ENABLE_NS_ASSERTIONS = NO;
				ENABLE_STRICT_OBJC_MSGSEND = YES;
				GCC_C_LANGUAGE_STANDARD = gnu11;
				GCC_NO_COMMON_BLOCKS = YES;
				GCC_WARN_64_TO_32_BIT_CONVERSION = YES;
				GCC_WARN_ABOUT_RETURN_TYPE = YES_ERROR;
				GCC_WARN_UNDECLARED_SELECTOR = YES;
				GCC_WARN_UNINITIALIZED_AUTOS = YES_AGGRESSIVE;
				GCC_WARN_UNUSED_FUNCTION = YES;
				GCC_WARN_UNUSED_VARIABLE = YES;
				IPHONEOS_DEPLOYMENT_TARGET = 11.3;
				MTL_ENABLE_DEBUG_INFO = NO;
				SDKROOT = iphoneos;
				SWIFT_COMPILATION_MODE = wholemodule;
				SWIFT_OPTIMIZATION_LEVEL = "-O";
				VALIDATE_PRODUCT = YES;
			};
			name = Release;
		};
		D78638AD2092F9700050037B /* Debug */ = {
			isa = XCBuildConfiguration;
			buildSettings = {
				ASSETCATALOG_COMPILER_APPICON_NAME = AppIcon;
				CODE_SIGN_STYLE = Automatic;
				INFOPLIST_FILE = Transition/Info.plist;
				LD_RUNPATH_SEARCH_PATHS = (
					"$(inherited)",
					"@executable_path/Frameworks",
				);
				PRODUCT_BUNDLE_IDENTIFIER = com.wz.Transition;
				PRODUCT_NAME = "$(TARGET_NAME)";
				SWIFT_VERSION = 4.0;
				TARGETED_DEVICE_FAMILY = "1,2";
			};
			name = Debug;
		};
		D78638AE2092F9700050037B /* Release */ = {
			isa = XCBuildConfiguration;
			buildSettings = {
				ASSETCATALOG_COMPILER_APPICON_NAME = AppIcon;
				CODE_SIGN_STYLE = Automatic;
				INFOPLIST_FILE = Transition/Info.plist;
				LD_RUNPATH_SEARCH_PATHS = (
					"$(inherited)",
					"@executable_path/Frameworks",
				);
				PRODUCT_BUNDLE_IDENTIFIER = com.wz.Transition;
				PRODUCT_NAME = "$(TARGET_NAME)";
				SWIFT_VERSION = 4.0;
				TARGETED_DEVICE_FAMILY = "1,2";
			};
			name = Release;
		};
/* End XCBuildConfiguration section */

/* Begin XCConfigurationList section */
		D78638952092F96E0050037B /* Build configuration list for PBXProject "Transition" */ = {
			isa = XCConfigurationList;
			buildConfigurations = (
				D78638AA2092F9700050037B /* Debug */,
				D78638AB2092F9700050037B /* Release */,
			);
			defaultConfigurationIsVisible = 0;
			defaultConfigurationName = Release;
		};
		D78638AC2092F9700050037B /* Build configuration list for PBXNativeTarget "Transition" */ = {
			isa = XCConfigurationList;
			buildConfigurations = (
				D78638AD2092F9700050037B /* Debug */,
				D78638AE2092F9700050037B /* Release */,
			);
			defaultConfigurationIsVisible = 0;
			defaultConfigurationName = Release;
		};
/* End XCConfigurationList section */
	};
	rootObject = D78638922092F96E0050037B /* Project object */;
}
